
Microsoft Visual Studio Solution File, Format Version 12.00
# Visual Studio 15
VisualStudioVersion = 15.0.27703.2000
MinimumVisualStudioVersion = 10.0.40219.1
Project("{FAE04EC0-301F-11D3-BF4B-00C04F79EFBC}") = "GDC", "GDC\GDC.csproj", "{DBDAAE18-FBD1-4D29-BF15-0AED79D20027}"
EndProject
Global
	GlobalSection(SolutionConfigurationPlatforms) = preSolution
		Debug|Any CPU = Debug|Any CPU
		Release|Any CPU = Release|Any CPU
	EndGlobalSection
	GlobalSection(ProjectConfigurationPlatforms) = postSolution
		{DBDAAE18-FBD1-4D29-BF15-0AED79D20027}.Debug|Any CPU.ActiveCfg = Debug|Any CPU
		{DBDAAE18-FBD1-4D29-BF15-0AED79D20027}.Debug|Any CPU.Build.0 = Debug|Any CPU
		{DBDAAE18-FBD1-4D29-BF15-0AED79D20027}.Release|Any CPU.ActiveCfg = Release|Any CPU
		{DBDAAE18-FBD1-4D29-BF15-0AED79D20027}.Release|Any CPU.Build.0 = Release|Any CPU
	EndGlobalSection
	GlobalSection(SolutionProperties) = preSolution
		HideSolutionNode = FALSE
	EndGlobalSection
	GlobalSection(ExtensibilityGlobals) = postSolution
		SolutionGuid = {6B3B55A2-A37A-4D35-AEFF-FA89C51B0337}
	EndGlobalSection
EndGlobal
